
Microsoft Visual Studio Solution File, Format Version 12.00
# Visual Studio Version 17
VisualStudioVersion = 17.5.33516.290
MinimumVisualStudioVersion = 10.0.40219.1
Project("{FAE04EC0-301F-11D3-BF4B-00C04F79EFBC}") = "Sudoku", "Sudoku\Sudoku.csproj", "{110AA7E3-9A56-41FE-AA2C-3FC676A55B85}"
EndProject
Global
	GlobalSection(SolutionConfigurationPlatforms) = preSolution
		Debug|Any CPU = Debug|Any CPU
		Release|Any CPU = Release|Any CPU
	EndGlobalSection
	GlobalSection(ProjectConfigurationPlatforms) = postSolution
		{110AA7E3-9A56-41FE-AA2C-3FC676A55B85}.Debug|Any CPU.ActiveCfg = Debug|Any CPU
		{110AA7E3-9A56-41FE-AA2C-3FC676A55B85}.Debug|Any CPU.Build.0 = Debug|Any CPU
		{110AA7E3-9A56-41FE-AA2C-3FC676A55B85}.Release|Any CPU.ActiveCfg = Release|Any CPU
		{110AA7E3-9A56-41FE-AA2C-3FC676A55B85}.Release|Any CPU.Build.0 = Release|Any CPU
	EndGlobalSection
	GlobalSection(SolutionProperties) = preSolution
		HideSolutionNode = FALSE
	EndGlobalSection
	GlobalSection(ExtensibilityGlobals) = postSolution
		SolutionGuid = {E81365CA-E628-4576-99C0-B673213CAB66}
	EndGlobalSection
EndGlobal
